
Microsoft Visual Studio Solution File, Format Version 12.00
# Visual Studio Version 16
VisualStudioVersion = 16.0.29926.136
MinimumVisualStudioVersion = 10.0.40219.1
Project("{9A19103F-16F7-4668-BE54-9A1E7A4F7556}") = "Crochet", "Crochet\Crochet.csproj", "{3D17C611-E79A-4165-9527-6F6F84BD27E7}"
EndProject
Project("{FAE04EC0-301F-11D3-BF4B-00C04F79EFBC}") = "Crochet.Android", "Crochet.Android\Crochet.Android.csproj", "{ED2D4EAB-077B-40A8-A5E5-FB5BF59F4C0A}"
EndProject
Project("{FAE04EC0-301F-11D3-BF4B-00C04F79EFBC}") = "Crochet.iOS", "Crochet.iOS\Crochet.iOS.csproj", "{23456F41-22D5-449D-AF15-12043C6C5FD2}"
EndProject
Project("{FAE04EC0-301F-11D3-BF4B-00C04F79EFBC}") = "CrochetAPI", "CrochetAPI\CrochetAPI.csproj", "{79A124BB-F4A5-49FB-90A0-753ECEDF27EF}"
EndProject
Global
	GlobalSection(SolutionConfigurationPlatforms) = preSolution
		Ad-Hoc|Any CPU = Ad-Hoc|Any CPU
		Ad-Hoc|iPhone = Ad-Hoc|iPhone
		Ad-Hoc|iPhoneSimulator = Ad-Hoc|iPhoneSimulator
		AppStore|Any CPU = AppStore|Any CPU
		AppStore|iPhone = AppStore|iPhone
		AppStore|iPhoneSimulator = AppStore|iPhoneSimulator
		Debug|Any CPU = Debug|Any CPU
		Debug|iPhone = Debug|iPhone
		Debug|iPhoneSimulator = Debug|iPhoneSimulator
		Release|Any CPU = Release|Any CPU
		Release|iPhone = Release|iPhone
		Release|iPhoneSimulator = Release|iPhoneSimulator
	EndGlobalSection
	GlobalSection(ProjectConfigurationPlatforms) = postSolution
		{3D17C611-E79A-4165-9527-6F6F84BD27E7}.Ad-Hoc|Any CPU.ActiveCfg = Debug|Any CPU
		{3D17C611-E79A-4165-9527-6F6F84BD27E7}.Ad-Hoc|Any CPU.Build.0 = Debug|Any CPU
		{3D17C611-E79A-4165-9527-6F6F84BD27E7}.Ad-Hoc|iPhone.ActiveCfg = Debug|Any CPU
		{3D17C611-E79A-4165-9527-6F6F84BD27E7}.Ad-Hoc|iPhone.Build.0 = Debug|Any CPU
		{3D17C611-E79A-4165-9527-6F6F84BD27E7}.Ad-Hoc|iPhoneSimulator.ActiveCfg = Debug|Any CPU
		{3D17C611-E79A-4165-9527-6F6F84BD27E7}.Ad-Hoc|iPhoneSimulator.Build.0 = Debug|Any CPU
		{3D17C611-E79A-4165-9527-6F6F84BD27E7}.AppStore|Any CPU.ActiveCfg = Debug|Any CPU
		{3D17C611-E79A-4165-9527-6F6F84BD27E7}.AppStore|Any CPU.Build.0 = Debug|Any CPU
		{3D17C611-E79A-4165-9527-6F6F84BD27E7}.AppStore|iPhone.ActiveCfg = Debug|Any CPU
		{3D17C611-E79A-4165-9527-6F6F84BD27E7}.AppStore|iPhone.Build.0 = Debug|Any CPU
		{3D17C611-E79A-4165-9527-6F6F84BD27E7}.AppStore|iPhoneSimulator.ActiveCfg = Debug|Any CPU
		{3D17C611-E79A-4165-9527-6F6F84BD27E7}.AppStore|iPhoneSimulator.Build.0 = Debug|Any CPU
		{3D17C611-E79A-4165-9527-6F6F84BD27E7}.Debug|Any CPU.ActiveCfg = Debug|Any CPU
		{3D17C611-E79A-4165-9527-6F6F84BD27E7}.Debug|Any CPU.Build.0 = Debug|Any CPU
		{3D17C611-E79A-4165-9527-6F6F84BD27E7}.Debug|iPhone.ActiveCfg = Debug|Any CPU
		{3D17C611-E79A-4165-9527-6F6F84BD27E7}.Debug|iPhone.Build.0 = Debug|Any CPU
		{3D17C611-E79A-4165-9527-6F6F84BD27E7}.Debug|iPhoneSimulator.ActiveCfg = Debug|Any CPU
		{3D17C611-E79A-4165-9527-6F6F84BD27E7}.Debug|iPhoneSimulator.Build.0 = Debug|Any CPU
		{3D17C611-E79A-4165-9527-6F6F84BD27E7}.Release|Any CPU.ActiveCfg = Release|Any CPU
		{3D17C611-E79A-4165-9527-6F6F84BD27E7}.Release|Any CPU.Build.0 = Release|Any CPU
		{3D17C611-E79A-4165-9527-6F6F84BD27E7}.Release|iPhone.ActiveCfg = Release|Any CPU
		{3D17C611-E79A-4165-9527-6F6F84BD27E7}.Release|iPhone.Build.0 = Release|Any CPU
		{3D17C611-E79A-4165-9527-6F6F84BD27E7}.Release|iPhoneSimulator.ActiveCfg = Release|Any CPU
		{3D17C611-E79A-4165-9527-6F6F84BD27E7}.Release|iPhoneSimulator.Build.0 = Release|Any CPU
		{ED2D4EAB-077B-40A8-A5E5-FB5BF59F4C0A}.Ad-Hoc|Any CPU.ActiveCfg = Release|Any CPU
		{ED2D4EAB-077B-40A8-A5E5-FB5BF59F4C0A}.Ad-Hoc|Any CPU.Build.0 = Release|Any CPU
		{ED2D4EAB-077B-40A8-A5E5-FB5BF59F4C0A}.Ad-Hoc|Any CPU.Deploy.0 = Release|Any CPU
		{ED2D4EAB-077B-40A8-A5E5-FB5BF59F4C0A}.Ad-Hoc|iPhone.ActiveCfg = Release|Any CPU
		{ED2D4EAB-077B-40A8-A5E5-FB5BF59F4C0A}.Ad-Hoc|iPhone.Build.0 = Release|Any CPU
		{ED2D4EAB-077B-40A8-A5E5-FB5BF59F4C0A}.Ad-Hoc|iPhone.Deploy.0 = Release|Any CPU
		{ED2D4EAB-077B-40A8-A5E5-FB5BF59F4C0A}.Ad-Hoc|iPhoneSimulator.ActiveCfg = Release|Any CPU
		{ED2D4EAB-077B-40A8-A5E5-FB5BF59F4C0A}.Ad-Hoc|iPhoneSimulator.Build.0 = Release|Any CPU
		{ED2D4EAB-077B-40A8-A5E5-FB5BF59F4C0A}.Ad-Hoc|iPhoneSimulator.Deploy.0 = Release|Any CPU
		{ED2D4EAB-077B-40A8-A5E5-FB5BF59F4C0A}.AppStore|Any CPU.ActiveCfg = Release|Any CPU
		{ED2D4EAB-077B-40A8-A5E5-FB5BF59F4C0A}.AppStore|Any CPU.Build.0 = Release|Any CPU
		{ED2D4EAB-077B-40A8-A5E5-FB5BF59F4C0A}.AppStore|Any CPU.Deploy.0 = Release|Any CPU
		{ED2D4EAB-077B-40A8-A5E5-FB5BF59F4C0A}.AppStore|iPhone.ActiveCfg = Release|Any CPU
		{ED2D4EAB-077B-40A8-A5E5-FB5BF59F4C0A}.AppStore|iPhone.Build.0 = Release|Any CPU
		{ED2D4EAB-077B-40A8-A5E5-FB5BF59F4C0A}.AppStore|iPhone.Deploy.0 = Release|Any CPU
		{ED2D4EAB-077B-40A8-A5E5-FB5BF59F4C0A}.AppStore|iPhoneSimulator.ActiveCfg = Release|Any CPU
		{ED2D4EAB-077B-40A8-A5E5-FB5BF59F4C0A}.AppStore|iPhoneSimulator.Build.0 = Release|Any CPU
		{ED2D4EAB-077B-40A8-A5E5-FB5BF59F4C0A}.AppStore|iPhoneSimulator.Deploy.0 = Release|Any CPU
		{ED2D4EAB-077B-40A8-A5E5-FB5BF59F4C0A}.Debug|Any CPU.ActiveCfg = Debug|Any CPU
		{ED2D4EAB-077B-40A8-A5E5-FB5BF59F4C0A}.Debug|Any CPU.Build.0 = Debug|Any CPU
		{ED2D4EAB-077B-40A8-A5E5-FB5BF59F4C0A}.Debug|Any CPU.Deploy.0 = Debug|Any CPU
		{ED2D4EAB-077B-40A8-A5E5-FB5BF59F4C0A}.Debug|iPhone.ActiveCfg = Debug|Any CPU
		{ED2D4EAB-077B-40A8-A5E5-FB5BF59F4C0A}.Debug|iPhone.Build.0 = Debug|Any CPU
		{ED2D4EAB-077B-40A8-A5E5-FB5BF59F4C0A}.Debug|iPhone.Deploy.0 = Debug|Any CPU
		{ED2D4EAB-077B-40A8-A5E5-FB5BF59F4C0A}.Debug|iPhoneSimulator.ActiveCfg = Debug|Any CPU
		{ED2D4EAB-077B-40A8-A5E5-FB5BF59F4C0A}.Debug|iPhoneSimulator.Build.0 = Debug|Any CPU
		{ED2D4EAB-077B-40A8-A5E5-FB5BF59F4C0A}.Debug|iPhoneSimulator.Deploy.0 = Debug|Any CPU
		{ED2D4EAB-077B-40A8-A5E5-FB5BF59F4C0A}.Release|Any CPU.ActiveCfg = Release|Any CPU
		{ED2D4EAB-077B-40A8-A5E5-FB5BF59F4C0A}.Release|Any CPU.Build.0 = Release|Any CPU
		{ED2D4EAB-077B-40A8-A5E5-FB5BF59F4C0A}.Release|Any CPU.Deploy.0 = Release|Any CPU
		{ED2D4EAB-077B-40A8-A5E5-FB5BF59F4C0A}.Release|iPhone.ActiveCfg = Release|Any CPU
		{ED2D4EAB-077B-40A8-A5E5-FB5BF59F4C0A}.Release|iPhone.Build.0 = Release|Any CPU
		{ED2D4EAB-077B-40A8-A5E5-FB5BF59F4C0A}.Release|iPhone.Deploy.0 = Release|Any CPU
		{ED2D4EAB-077B-40A8-A5E5-FB5BF59F4C0A}.Release|iPhoneSimulator.ActiveCfg = Release|Any CPU
		{ED2D4EAB-077B-40A8-A5E5-FB5BF59F4C0A}.Release|iPhoneSimulator.Build.0 = Release|Any CPU
		{ED2D4EAB-077B-40A8-A5E5-FB5BF59F4C0A}.Release|iPhoneSimulator.Deploy.0 = Release|Any CPU
		{23456F41-22D5-449D-AF15-12043C6C5FD2}.Ad-Hoc|Any CPU.ActiveCfg = Ad-Hoc|iPhone
		{23456F41-22D5-449D-AF15-12043C6C5FD2}.Ad-Hoc|iPhone.ActiveCfg = Ad-Hoc|iPhone
		{23456F41-22D5-449D-AF15-12043C6C5FD2}.Ad-Hoc|iPhone.Build.0 = Ad-Hoc|iPhone
		{23456F41-22D5-449D-AF15-12043C6C5FD2}.Ad-Hoc|iPhoneSimulator.ActiveCfg = Ad-Hoc|iPhoneSimulator
		{23456F41-22D5-449D-AF15-12043C6C5FD2}.Ad-Hoc|iPhoneSimulator.Build.0 = Ad-Hoc|iPhoneSimulator
		{23456F41-22D5-449D-AF15-12043C6C5FD2}.AppStore|Any CPU.ActiveCfg = AppStore|iPhone
		{23456F41-22D5-449D-AF15-12043C6C5FD2}.AppStore|iPhone.ActiveCfg = AppStore|iPhone
		{23456F41-22D5-449D-AF15-12043C6C5FD2}.AppStore|iPhone.Build.0 = AppStore|iPhone
		{23456F41-22D5-449D-AF15-12043C6C5FD2}.AppStore|iPhoneSimulator.ActiveCfg = AppStore|iPhoneSimulator
		{23456F41-22D5-449D-AF15-12043C6C5FD2}.AppStore|iPhoneSimulator.Build.0 = AppStore|iPhoneSimulator
		{23456F41-22D5-449D-AF15-12043C6C5FD2}.Debug|Any CPU.ActiveCfg = Debug|iPhone
		{23456F41-22D5-449D-AF15-12043C6C5FD2}.Debug|iPhone.ActiveCfg = Debug|iPhone
		{23456F41-22D5-449D-AF15-12043C6C5FD2}.Debug|iPhone.Build.0 = Debug|iPhone
		{23456F41-22D5-449D-AF15-12043C6C5FD2}.Debug|iPhoneSimulator.ActiveCfg = Debug|iPhoneSimulator
		{23456F41-22D5-449D-AF15-12043C6C5FD2}.Debug|iPhoneSimulator.Build.0 = Debug|iPhoneSimulator
		{23456F41-22D5-449D-AF15-12043C6C5FD2}.Release|Any CPU.ActiveCfg = Release|iPhone
		{23456F41-22D5-449D-AF15-12043C6C5FD2}.Release|iPhone.ActiveCfg = Release|iPhone
		{23456F41-22D5-449D-AF15-12043C6C5FD2}.Release|iPhone.Build.0 = Release|iPhone
		{23456F41-22D5-449D-AF15-12043C6C5FD2}.Release|iPhoneSimulator.ActiveCfg = Release|iPhoneSimulator
		{23456F41-22D5-449D-AF15-12043C6C5FD2}.Release|iPhoneSimulator.Build.0 = Release|iPhoneSimulator
		{79A124BB-F4A5-49FB-90A0-753ECEDF27EF}.Ad-Hoc|Any CPU.ActiveCfg = Debug|Any CPU
		{79A124BB-F4A5-49FB-90A0-753ECEDF27EF}.Ad-Hoc|Any CPU.Build.0 = Debug|Any CPU
		{79A124BB-F4A5-49FB-90A0-753ECEDF27EF}.Ad-Hoc|iPhone.ActiveCfg = Debug|Any CPU
		{79A124BB-F4A5-49FB-90A0-753ECEDF27EF}.Ad-Hoc|iPhone.Build.0 = Debug|Any CPU
		{79A124BB-F4A5-49FB-90A0-753ECEDF27EF}.Ad-Hoc|iPhoneSimulator.ActiveCfg = Debug|Any CPU
		{79A124BB-F4A5-49FB-90A0-753ECEDF27EF}.Ad-Hoc|iPhoneSimulator.Build.0 = Debug|Any CPU
		{79A124BB-F4A5-49FB-90A0-753ECEDF27EF}.AppStore|Any CPU.ActiveCfg = Debug|Any CPU
		{79A124BB-F4A5-49FB-90A0-753ECEDF27EF}.AppStore|Any CPU.Build.0 = Debug|Any CPU
		{79A124BB-F4A5-49FB-90A0-753ECEDF27EF}.AppStore|iPhone.ActiveCfg = Debug|Any CPU
		{79A124BB-F4A5-49FB-90A0-753ECEDF27EF}.AppStore|iPhone.Build.0 = Debug|Any CPU
		{79A124BB-F4A5-49FB-90A0-753ECEDF27EF}.AppStore|iPhoneSimulator.ActiveCfg = Debug|Any CPU
		{79A124BB-F4A5-49FB-90A0-753ECEDF27EF}.AppStore|iPhoneSimulator.Build.0 = Debug|Any CPU
		{79A124BB-F4A5-49FB-90A0-753ECEDF27EF}.Debug|Any CPU.ActiveCfg = Debug|Any CPU
		{79A124BB-F4A5-49FB-90A0-753ECEDF27EF}.Debug|Any CPU.Build.0 = Debug|Any CPU
		{79A124BB-F4A5-49FB-90A0-753ECEDF27EF}.Debug|iPhone.ActiveCfg = Debug|Any CPU
		{79A124BB-F4A5-49FB-90A0-753ECEDF27EF}.Debug|iPhone.Build.0 = Debug|Any CPU
		{79A124BB-F4A5-49FB-90A0-753ECEDF27EF}.Debug|iPhoneSimulator.ActiveCfg = Debug|Any CPU
		{79A124BB-F4A5-49FB-90A0-753ECEDF27EF}.Debug|iPhoneSimulator.Build.0 = Debug|Any CPU
		{79A124BB-F4A5-49FB-90A0-753ECEDF27EF}.Release|Any CPU.ActiveCfg = Release|Any CPU
		{79A124BB-F4A5-49FB-90A0-753ECEDF27EF}.Release|Any CPU.Build.0 = Release|Any CPU
		{79A124BB-F4A5-49FB-90A0-753ECEDF27EF}.Release|iPhone.ActiveCfg = Release|Any CPU
		{79A124BB-F4A5-49FB-90A0-753ECEDF27EF}.Release|iPhone.Build.0 = Release|Any CPU
		{79A124BB-F4A5-49FB-90A0-753ECEDF27EF}.Release|iPhoneSimulator.ActiveCfg = Release|Any CPU
		{79A124BB-F4A5-49FB-90A0-753ECEDF27EF}.Release|iPhoneSimulator.Build.0 = Release|Any CPU
	EndGlobalSection
	GlobalSection(SolutionProperties) = preSolution
		HideSolutionNode = FALSE
	EndGlobalSection
	GlobalSection(ExtensibilityGlobals) = postSolution
		SolutionGuid = {BE4EC451-967F-4A1B-B78F-62B17DD7813F}
	EndGlobalSection
EndGlobal
